dependencies:
- name: account-lookup-service
  repository: file://./chart-service
  version: 8.3.0
- name: account-lookup-service-admin
  repository: file://./chart-admin
  version: 8.3.0
- name: percona-xtradb-cluster
  repository: https://kubernetes-charts.storage.googleapis.com
  version: 1.0.1
digest: sha256:070f9cbbe8b8e7d153bc611ba44ba381df50a7639929973090439f6175b84577
generated: 2019-10-18T17:11:47.037373948+03:00
